// !$*UTF8*$!
{
	archiveVersion = 1;
	classes = {
	};
	objectVersion = 46;
	objects = {

/* Begin PBXBuildFile section */
		652A1F97151AD3BA000C35A5 /* HUDLayer.m in Sources */ = {isa = PBXBuildFile; fileRef = 652A1F96151AD3BA000C35A5 /* HUDLayer.m */; };
		6541BE3614CB3CFF00194FB3 /* UIKit.framework in Frameworks */ = {isa = PBXBuildFile; fileRef = 6541BE3514CB3CFF00194FB3 /* UIKit.framework */; };
		6541BE3814CB3CFF00194FB3 /* Foundation.framework in Frameworks */ = {isa = PBXBuildFile; fileRef = 6541BE3714CB3CFF00194FB3 /* Foundation.framework */; };
		6541BE3A14CB3CFF00194FB3 /* CoreGraphics.framework in Frameworks */ = {isa = PBXBuildFile; fileRef = 6541BE3914CB3CFF00194FB3 /* CoreGraphics.framework */; };
		6541BE4014CB3CFF00194FB3 /* InfoPlist.strings in Resources */ = {isa = PBXBuildFile; fileRef = 6541BE3E14CB3CFF00194FB3 /* InfoPlist.strings */; };
		6541BE4214CB3CFF00194FB3 /* main.m in Sources */ = {isa = PBXBuildFile; fileRef = 6541BE4114CB3CFF00194FB3 /* main.m */; };
		6541BE4614CB3CFF00194FB3 /* AppDelegate.m in Sources */ = {isa = PBXBuildFile; fileRef = 6541BE4514CB3CFF00194FB3 /* AppDelegate.m */; };
		6541BE4914CB3CFF00194FB3 /* ViewController.m in Sources */ = {isa = PBXBuildFile; fileRef = 6541BE4814CB3CFF00194FB3 /* ViewController.m */; };
		6541BE4C14CB3CFF00194FB3 /* ViewController.xib in Resources */ = {isa = PBXBuildFile; fileRef = 6541BE4A14CB3CFF00194FB3 /* ViewController.xib */; };
		6541BF9414CB3EFF00194FB3 /* OpenGLES.framework in Frameworks */ = {isa = PBXBuildFile; fileRef = 6541BF9314CB3EFF00194FB3 /* OpenGLES.framework */; };
		6541BF9614CB3F1200194FB3 /* OpenAL.framework in Frameworks */ = {isa = PBXBuildFile; fileRef = 6541BF9514CB3F1200194FB3 /* OpenAL.framework */; };
		6541BF9814CB3F2900194FB3 /* QuartzCore.framework in Frameworks */ = {isa = PBXBuildFile; fileRef = 6541BF9714CB3F2800194FB3 /* QuartzCore.framework */; };
		6541BF9A14CB3F3600194FB3 /* AudioToolbox.framework in Frameworks */ = {isa = PBXBuildFile; fileRef = 6541BF9914CB3F3600194FB3 /* AudioToolbox.framework */; };
		6541BF9C14CB3F3D00194FB3 /* AVFoundation.framework in Frameworks */ = {isa = PBXBuildFile; fileRef = 6541BF9B14CB3F3D00194FB3 /* AVFoundation.framework */; };
		6541BF9E14CB3FBB00194FB3 /* libz.1.2.5.dylib in Frameworks */ = {isa = PBXBuildFile; fileRef = 6541BF9D14CB3FBB00194FB3 /* libz.1.2.5.dylib */; };
		6541BFA114CB684600194FB3 /* CCScrollView.m in Sources */ = {isa = PBXBuildFile; fileRef = 6541BFA014CB684600194FB3 /* CCScrollView.m */; };
		6541BFDF14CB696200194FB3 /* HelloWorld.m in Sources */ = {isa = PBXBuildFile; fileRef = 6541BFDE14CB696200194FB3 /* HelloWorld.m */; };
		65CFF014151ABDE200F781D1 /* libcocos2d.a in Frameworks */ = {isa = PBXBuildFile; fileRef = 65CFEF1E151ABBB400F781D1 /* libcocos2d.a */; };
/* End PBXBuildFile section */

/* Begin PBXContainerItemProxy section */
		65CFEF17151ABBB400F781D1 /* PBXContainerItemProxy */ = {
			isa = PBXContainerItemProxy;
			containerPortal = 65CFEEAB151ABBB000F781D1 /* cocos2d-ios.xcodeproj */;
			proxyType = 2;
			remoteGlobalIDString = 509807081175041800EA7266;
			remoteInfo = "build all tests";
		};
		65CFEF19151ABBB400F781D1 /* PBXContainerItemProxy */ = {
			isa = PBXContainerItemProxy;
			containerPortal = 65CFEEAB151ABBB000F781D1 /* cocos2d-ios.xcodeproj */;
			proxyType = 2;
			remoteGlobalIDString = 504225700FC0B39C00B992F7;
			remoteInfo = box2d;
		};
		65CFEF1B151ABBB400F781D1 /* PBXContainerItemProxy */ = {
			isa = PBXContainerItemProxy;
			containerPortal = 65CFEEAB151ABBB000F781D1 /* cocos2d-ios.xcodeproj */;
			proxyType = 2;
			remoteGlobalIDString = 50B2C4D10E100AEA00AE9530;
			remoteInfo = Chipmunk;
		};
		65CFEF1D151ABBB400F781D1 /* PBXContainerItemProxy */ = {
			isa = PBXContainerItemProxy;
			containerPortal = 65CFEEAB151ABBB000F781D1 /* cocos2d-ios.xcodeproj */;
			proxyType = 2;
			remoteGlobalIDString = 5018F24D0DFDEAC400C013A5;
			remoteInfo = cocos2d;
		};
		65CFEF1F151ABBB400F781D1 /* PBXContainerItemProxy */ = {
			isa = PBXContainerItemProxy;
			containerPortal = 65CFEEAB151ABBB000F781D1 /* cocos2d-ios.xcodeproj */;
			proxyType = 2;
			remoteGlobalIDString = 502C65EE0DFEF3DD00E4107D;
			remoteInfo = "cocos2d-documentation";
		};
		65CFEF21151ABBB400F781D1 /* PBXContainerItemProxy */ = {
			isa = PBXContainerItemProxy;
			containerPortal = 65CFEEAB151ABBB000F781D1 /* cocos2d-ios.xcodeproj */;
			proxyType = 2;
			remoteGlobalIDString = 50CB2FCA1004C8B100B7A750;
			remoteInfo = CocosDenshion;
		};
		65CFEF23151ABBB400F781D1 /* PBXContainerItemProxy */ = {
			isa = PBXContainerItemProxy;
			containerPortal = 65CFEEAB151ABBB000F781D1 /* cocos2d-ios.xcodeproj */;
			proxyType = 2;
			remoteGlobalIDString = A04A1FEB13B826B300ABAFB7;
			remoteInfo = kazmath;
		};
		65CFEF25151ABBB400F781D1 /* PBXContainerItemProxy */ = {
			isa = PBXContainerItemProxy;
			containerPortal = 65CFEEAB151ABBB000F781D1 /* cocos2d-ios.xcodeproj */;
			proxyType = 2;
			remoteGlobalIDString = 503164CD10277665003ACFE7;
			remoteInfo = libpng;
		};
		65CFEF27151ABBB400F781D1 /* PBXContainerItemProxy */ = {
			isa = PBXContainerItemProxy;
			containerPortal = 65CFEEAB151ABBB000F781D1 /* cocos2d-ios.xcodeproj */;
			proxyType = 2;
			remoteGlobalIDString = 504CC32F1035BDE90096894C;
			remoteInfo = ActionManagerTest;
		};
		65CFEF29151ABBB400F781D1 /* PBXContainerItemProxy */ = {
			isa = PBXContainerItemProxy;
			containerPortal = 65CFEEAB151ABBB000F781D1 /* cocos2d-ios.xcodeproj */;
			proxyType = 2;
			remoteGlobalIDString = 50C93AAD0E0BF6E000517B01;
			remoteInfo = ActionsTest;
		};
		65CFEF2B151ABBB400F781D1 /* PBXContainerItemProxy */ = {
			isa = PBXContainerItemProxy;
			containerPortal = 65CFEEAB151ABBB000F781D1 /* cocos2d-ios.xcodeproj */;
			proxyType = 2;
			remoteGlobalIDString = 05CA7B0410ED674700F12774;
			remoteInfo = ActionsWithBlocksSample;
		};
		65CFEF2D151ABBB400F781D1 /* PBXContainerItemProxy */ = {
			isa = PBXContainerItemProxy;
			containerPortal = 65CFEEAB151ABBB000F781D1 /* cocos2d-ios.xcodeproj */;
			proxyType = 2;
			remoteGlobalIDString = 504828800F45AED700A30CEF;
			remoteInfo = AttachTest;
		};
		65CFEF2F151ABBB400F781D1 /* PBXContainerItemProxy */ = {
			isa = PBXContainerItemProxy;
			containerPortal = 65CFEEAB151ABBB000F781D1 /* cocos2d-ios.xcodeproj */;
			proxyType = 2;
			remoteGlobalIDString = 5042262E0FC0B5D500B992F7;
			remoteInfo = Box2dAccelTouchTest;
		};
		65CFEF31151ABBB400F781D1 /* PBXContainerItemProxy */ = {
			isa = PBXContainerItemProxy;
			containerPortal = 65CFEEAB151ABBB000F781D1 /* cocos2d-ios.xcodeproj */;
			proxyType = 2;
			remoteGlobalIDString = 50010ED2103B3DB80059EC2E;
			remoteInfo = Box2dTestBed;
		};
		65CFEF33151ABBB400F781D1 /* PBXContainerItemProxy */ = {
			isa = PBXContainerItemProxy;
			containerPortal = 65CFEEAB151ABBB000F781D1 /* cocos2d-ios.xcodeproj */;
			proxyType = 2;
			remoteGlobalIDString = 50B2C5E80E100EF000AE9530;
			remoteInfo = ChipmunkAccelTouchTest;
		};
		65CFEF35151ABBB400F781D1 /* PBXContainerItemProxy */ = {
			isa = PBXContainerItemProxy;
			containerPortal = 65CFEEAB151ABBB000F781D1 /* cocos2d-ios.xcodeproj */;
			proxyType = 2;
			remoteGlobalIDString = 506C77E20E01520900B48100;
			remoteInfo = ClickAndMoveTest;
		};
		65CFEF37151ABBB400F781D1 /* PBXContainerItemProxy */ = {
			isa = PBXContainerItemProxy;
			containerPortal = 65CFEEAB151ABBB000F781D1 /* cocos2d-ios.xcodeproj */;
			proxyType = 2;
			remoteGlobalIDString = 505224F911B3D4700061670F;
			remoteInfo = "CocosDenshion - Tom The Turret";
		};
		65CFEF39151ABBB400F781D1 /* PBXContainerItemProxy */ = {
			isa = PBXContainerItemProxy;
			containerPortal = 65CFEEAB151ABBB000F781D1 /* cocos2d-ios.xcodeproj */;
			proxyType = 2;
			remoteGlobalIDString = 505228BA11B3DBB90061670F;
			remoteInfo = "CocosDenshion - Drum Pad";
		};
		65CFEF3B151ABBB400F781D1 /* PBXContainerItemProxy */ = {
			isa = PBXContainerItemProxy;
			containerPortal = 65CFEEAB151ABBB000F781D1 /* cocos2d-ios.xcodeproj */;
			proxyType = 2;
			remoteGlobalIDString = 5052293C11B3DCD80061670F;
			remoteInfo = "CocosDenshion - Fade To Grey";
		};
		65CFEF3D151ABBB400F781D1 /* PBXContainerItemProxy */ = {
			isa = PBXContainerItemProxy;
			containerPortal = 65CFEEAB151ABBB000F781D1 /* cocos2d-ios.xcodeproj */;
			proxyType = 2;
			remoteGlobalIDString = 5052296E11B3DCE90061670F;
			remoteInfo = "CocosDenshion - FancyRat Metering";
		};
		65CFEF3F151ABBB400F781D1 /* PBXContainerItemProxy */ = {
			isa = PBXContainerItemProxy;
			containerPortal = 65CFEEAB151ABBB000F781D1 /* cocos2d-ios.xcodeproj */;
			proxyType = 2;
			remoteGlobalIDString = A01AB91A149709E300C93DB6;
			remoteInfo = DirectorTest;
		};
		65CFEF41151ABBB400F781D1 /* PBXContainerItemProxy */ = {
			isa = PBXContainerItemProxy;
			containerPortal = 65CFEEAB151ABBB000F781D1 /* cocos2d-ios.xcodeproj */;
			proxyType = 2;
			remoteGlobalIDString = 501945740F964C620059CE7C;
			remoteInfo = drawPrimitivesTest;
		};
		65CFEF43151ABBB400F781D1 /* PBXContainerItemProxy */ = {
			isa = PBXContainerItemProxy;
			containerPortal = 65CFEEAB151ABBB000F781D1 /* cocos2d-ios.xcodeproj */;
			proxyType = 2;
			remoteGlobalIDString = 504E17DC11C4C7E100E19835;
			remoteInfo = EAGLViewTest;
		};
		65CFEF45151ABBB400F781D1 /* PBXContainerItemProxy */ = {
			isa = PBXContainerItemProxy;
			containerPortal = 65CFEEAB151ABBB000F781D1 /* cocos2d-ios.xcodeproj */;
			proxyType = 2;
			remoteGlobalIDString = 505B63A30F2F4210001B4104;
			remoteInfo = ActionsEaseTest;
		};
		65CFEF47151ABBB400F781D1 /* PBXContainerItemProxy */ = {
			isa = PBXContainerItemProxy;
			containerPortal = 65CFEEAB151ABBB000F781D1 /* cocos2d-ios.xcodeproj */;
			proxyType = 2;
			remoteGlobalIDString = 50A24E440F377FA1007CAEB0;
			remoteInfo = EffectsTest;
		};
		65CFEF49151ABBB400F781D1 /* PBXContainerItemProxy */ = {
			isa = PBXContainerItemProxy;
			containerPortal = 65CFEEAB151ABBB000F781D1 /* cocos2d-ios.xcodeproj */;
			proxyType = 2;
			remoteGlobalIDString = 50D56FD20F3FABEC007CD6B9;
			remoteInfo = EffectsAdvancedTest;
		};
		65CFEF4B151ABBB400F781D1 /* PBXContainerItemProxy */ = {
			isa = PBXContainerItemProxy;
			containerPortal = 65CFEEAB151ABBB000F781D1 /* cocos2d-ios.xcodeproj */;
			proxyType = 2;
			remoteGlobalIDString = DAABAA9A1059A42E00794EB3;
			remoteInfo = FontTest;
		};
		65CFEF4D151ABBB400F781D1 /* PBXContainerItemProxy */ = {
			isa = PBXContainerItemProxy;
			containerPortal = 65CFEEAB151ABBB000F781D1 /* cocos2d-ios.xcodeproj */;
			proxyType = 2;
			remoteGlobalIDString = 50C7D4950E5C2ED80035ACA2;
			remoteInfo = IntervalTest;
		};
		65CFEF4F151ABBB400F781D1 /* PBXContainerItemProxy */ = {
			isa = PBXContainerItemProxy;
			containerPortal = 65CFEEAB151ABBB000F781D1 /* cocos2d-ios.xcodeproj */;
			proxyType = 2;
			remoteGlobalIDString = 506882110E95761200F943E5;
			remoteInfo = LabelTest;
		};
		65CFEF51151ABBB400F781D1 /* PBXContainerItemProxy */ = {
			isa = PBXContainerItemProxy;
			containerPortal = 65CFEEAB151ABBB000F781D1 /* cocos2d-ios.xcodeproj */;
			proxyType = 2;
			remoteGlobalIDString = 504799B1100F6A4200D1C71A;
			remoteInfo = LayerTest;
		};
		65CFEF53151ABBB400F781D1 /* PBXContainerItemProxy */ = {
			isa = PBXContainerItemProxy;
			containerPortal = 65CFEEAB151ABBB000F781D1 /* cocos2d-ios.xcodeproj */;
			proxyType = 2;
			remoteGlobalIDString = 506C7A090E01C73A00B48100;
			remoteInfo = MenuTest;
		};
		65CFEF55151ABBB400F781D1 /* PBXContainerItemProxy */ = {
			isa = PBXContainerItemProxy;
			containerPortal = 65CFEEAB151ABBB000F781D1 /* cocos2d-ios.xcodeproj */;
			proxyType = 2;
			remoteGlobalIDString = 50A783C40F3AFCE500104C45;
			remoteInfo = MotionStreakTest;
		};
		65CFEF57151ABBB400F781D1 /* PBXContainerItemProxy */ = {
			isa = PBXContainerItemProxy;
			containerPortal = 65CFEEAB151ABBB000F781D1 /* cocos2d-ios.xcodeproj */;
			proxyType = 2;
			remoteGlobalIDString = 506144080E589A2E003CCDB7;
			remoteInfo = NodeTest;
		};
		65CFEF59151ABBB400F781D1 /* PBXContainerItemProxy */ = {
			isa = PBXContainerItemProxy;
			containerPortal = 65CFEEAB151ABBB000F781D1 /* cocos2d-ios.xcodeproj */;
			proxyType = 2;
			remoteGlobalIDString = 50C195600EE4B57E00829067;
			remoteInfo = ParallaxTest;
		};
		65CFEF5B151ABBB400F781D1 /* PBXContainerItemProxy */ = {
			isa = PBXContainerItemProxy;
			containerPortal = 65CFEEAB151ABBB000F781D1 /* cocos2d-ios.xcodeproj */;
			proxyType = 2;
			remoteGlobalIDString = 50DB1BCA0E1C1E5900A89DFF;
			remoteInfo = ParticleTest;
		};
		65CFEF5D151ABBB400F781D1 /* PBXContainerItemProxy */ = {
			isa = PBXContainerItemProxy;
			containerPortal = 65CFEEAB151ABBB000F781D1 /* cocos2d-ios.xcodeproj */;
			proxyType = 2;
			remoteGlobalIDString = 501504ED11330E1700A9CA65;
			remoteInfo = ActionsProgressTest;
		};
		65CFEF5F151ABBB400F781D1 /* PBXContainerItemProxy */ = {
			isa = PBXContainerItemProxy;
			containerPortal = 65CFEEAB151ABBB000F781D1 /* cocos2d-ios.xcodeproj */;
			proxyType = 2;
			remoteGlobalIDString = 495E73F7104B74E20012BB52;
			remoteInfo = RenderTextureTest;
		};
		65CFEF61151ABBB400F781D1 /* PBXContainerItemProxy */ = {
			isa = PBXContainerItemProxy;
			containerPortal = 65CFEEAB151ABBB000F781D1 /* cocos2d-ios.xcodeproj */;
			proxyType = 2;
			remoteGlobalIDString = 502C66180DFEFCCA00E4107D;
			remoteInfo = RotateWorldTest;
		};
		65CFEF63151ABBB400F781D1 /* PBXContainerItemProxy */ = {
			isa = PBXContainerItemProxy;
			containerPortal = 65CFEEAB151ABBB000F781D1 /* cocos2d-ios.xcodeproj */;
			proxyType = 2;
			remoteGlobalIDString = 506C800E0E041C9300B48100;
			remoteInfo = SceneTest;
		};
		65CFEF65151ABBB400F781D1 /* PBXContainerItemProxy */ = {
			isa = PBXContainerItemProxy;
			containerPortal = 65CFEEAB151ABBB000F781D1 /* cocos2d-ios.xcodeproj */;
			proxyType = 2;
			remoteGlobalIDString = 508CA7DA1193270F003AC397;
			remoteInfo = SchedulerTest;
		};
		65CFEF67151ABBB400F781D1 /* PBXContainerItemProxy */ = {
			isa = PBXContainerItemProxy;
			containerPortal = 65CFEEAB151ABBB000F781D1 /* cocos2d-ios.xcodeproj */;
			proxyType = 2;
			remoteGlobalIDString = E03A4F691355041F00D4B515;
			remoteInfo = ShaderTest;
		};
		65CFEF69151ABBB400F781D1 /* PBXContainerItemProxy */ = {
			isa = PBXContainerItemProxy;
			containerPortal = 65CFEEAB151ABBB000F781D1 /* cocos2d-ios.xcodeproj */;
			proxyType = 2;
			remoteGlobalIDString = 501C7C910F91EFFF0024A296;
			remoteInfo = SpriteTest;
		};
		65CFEF6B151ABBB400F781D1 /* PBXContainerItemProxy */ = {
			isa = PBXContainerItemProxy;
			containerPortal = 65CFEEAB151ABBB000F781D1 /* cocos2d-ios.xcodeproj */;
			proxyType = 2;
			remoteGlobalIDString = 505B62D60F2E6A0F001B4104;
			remoteInfo = Texture2dTest;
		};
		65CFEF6D151ABBB400F781D1 /* PBXContainerItemProxy */ = {
			isa = PBXContainerItemProxy;
			containerPortal = 65CFEEAB151ABBB000F781D1 /* cocos2d-ios.xcodeproj */;
			proxyType = 2;
			remoteGlobalIDString = 503F5CBE101FE930002A37E5;
			remoteInfo = TileMapTest;
		};
		65CFEF6F151ABBB400F781D1 /* PBXContainerItemProxy */ = {
			isa = PBXContainerItemProxy;
			containerPortal = 65CFEEAB151ABBB000F781D1 /* cocos2d-ios.xcodeproj */;
			proxyType = 2;
			remoteGlobalIDString = 5012DD3B0FE2994300D6DDD1;
			remoteInfo = TouchesTest;
		};
		65CFEF71151ABBB400F781D1 /* PBXContainerItemProxy */ = {
			isa = PBXContainerItemProxy;
			containerPortal = 65CFEEAB151ABBB000F781D1 /* cocos2d-ios.xcodeproj */;
			proxyType = 2;
			remoteGlobalIDString = 50C938E00E0A9DBB00517B01;
			remoteInfo = TransitionsTest;
		};
		65CFEF73151ABBB400F781D1 /* PBXContainerItemProxy */ = {
			isa = PBXContainerItemProxy;
			containerPortal = 65CFEEAB151ABBB000F781D1 /* cocos2d-ios.xcodeproj */;
			proxyType = 2;
			remoteGlobalIDString = E0C5588611FE48E600B9E4CB;
			remoteInfo = ZwoptexTest;
		};
		65CFEF75151ABBB400F781D1 /* PBXContainerItemProxy */ = {
			isa = PBXContainerItemProxy;
			containerPortal = 65CFEEAB151ABBB000F781D1 /* cocos2d-ios.xcodeproj */;
			proxyType = 2;
			remoteGlobalIDString = 507FF8F2116D16F600B6FAB2;
			remoteInfo = Bug350;
		};
		65CFEF77151ABBB400F781D1 /* PBXContainerItemProxy */ = {
			isa = PBXContainerItemProxy;
			containerPortal = 65CFEEAB151ABBB000F781D1 /* cocos2d-ios.xcodeproj */;
			proxyType = 2;
			remoteGlobalIDString = 50CB34DD100765EF00B7A750;
			remoteInfo = Bug422;
		};
		65CFEF79151ABBB400F781D1 /* PBXContainerItemProxy */ = {
			isa = PBXContainerItemProxy;
			containerPortal = 65CFEEAB151ABBB000F781D1 /* cocos2d-ios.xcodeproj */;
			proxyType = 2;
			remoteGlobalIDString = E037DA4C1281C7F0003D39D7;
			remoteInfo = Bug458;
		};
		65CFEF7B151ABBB400F781D1 /* PBXContainerItemProxy */ = {
			isa = PBXContainerItemProxy;
			containerPortal = 65CFEEAB151ABBB000F781D1 /* cocos2d-ios.xcodeproj */;
			proxyType = 2;
			remoteGlobalIDString = E02BC2CD1270E489006E46A2;
			remoteInfo = Bug624;
		};
		65CFEF7D151ABBB400F781D1 /* PBXContainerItemProxy */ = {
			isa = PBXContainerItemProxy;
			containerPortal = 65CFEEAB151ABBB000F781D1 /* cocos2d-ios.xcodeproj */;
			proxyType = 2;
			remoteGlobalIDString = 50CBA48711CBD6FB007B009D;
			remoteInfo = Bug886;
		};
		65CFEF7F151ABBB400F781D1 /* PBXContainerItemProxy */ = {
			isa = PBXContainerItemProxy;
			containerPortal = 65CFEEAB151ABBB000F781D1 /* cocos2d-ios.xcodeproj */;
			proxyType = 2;
			remoteGlobalIDString = 507C0F0B11D609290075E747;
			remoteInfo = Bug899;
		};
		65CFEF81151ABBB400F781D1 /* PBXContainerItemProxy */ = {
			isa = PBXContainerItemProxy;
			containerPortal = 65CFEEAB151ABBB000F781D1 /* cocos2d-ios.xcodeproj */;
			proxyType = 2;
			remoteGlobalIDString = 502BF56911E39CC30030C477;
			remoteInfo = Bug914;
		};
		65CFEF83151ABBB400F781D1 /* PBXContainerItemProxy */ = {
			isa = PBXContainerItemProxy;
			containerPortal = 65CFEEAB151ABBB000F781D1 /* cocos2d-ios.xcodeproj */;
			proxyType = 2;
			remoteGlobalIDString = E0EA56A5134B9CA800F212C8;
			remoteInfo = Bug1159;
		};
/* End PBXContainerItemProxy section */

/* Begin PBXFileReference section */
		652A1F95151AD3BA000C35A5 /* HUDLayer.h */ = {isa = PBXFileReference; fileEncoding = 4; lastKnownFileType = sourcecode.c.h; path = HUDLayer.h; sourceTree = "<group>"; };
		652A1F96151AD3BA000C35A5 /* HUDLayer.m */ = {isa = PBXFileReference; fileEncoding = 4; lastKnownFileType = sourcecode.c.objc; path = HUDLayer.m; sourceTree = "<group>"; };
		6541BE3114CB3CFF00194FB3 /* Cocos2DScrollView.app */ = {isa = PBXFileReference; explicitFileType = wrapper.application; includeInIndex = 0; path = Cocos2DScrollView.app; sourceTree = BUILT_PRODUCTS_DIR; };
		6541BE3514CB3CFF00194FB3 /* UIKit.framework */ = {isa = PBXFileReference; lastKnownFileType = wrapper.framework; name = UIKit.framework; path = System/Library/Frameworks/UIKit.framework; sourceTree = SDKROOT; };
		6541BE3714CB3CFF00194FB3 /* Foundation.framework */ = {isa = PBXFileReference; lastKnownFileType = wrapper.framework; name = Foundation.framework; path = System/Library/Frameworks/Foundation.framework; sourceTree = SDKROOT; };
		6541BE3914CB3CFF00194FB3 /* CoreGraphics.framework */ = {isa = PBXFileReference; lastKnownFileType = wrapper.framework; name = CoreGraphics.framework; path = System/Library/Frameworks/CoreGraphics.framework; sourceTree = SDKROOT; };
		6541BE3D14CB3CFF00194FB3 /* Cocos2DScrollView-Info.plist */ = {isa = PBXFileReference; lastKnownFileType = text.plist.xml; path = "Cocos2DScrollView-Info.plist"; sourceTree = "<group>"; };
		6541BE3F14CB3CFF00194FB3 /* en */ = {isa = PBXFileReference; lastKnownFileType = text.plist.strings; name = en; path = en.lproj/InfoPlist.strings; sourceTree = "<group>"; };
		6541BE4114CB3CFF00194FB3 /* main.m */ = {isa = PBXFileReference; lastKnownFileType = sourcecode.c.objc; path = main.m; sourceTree = "<group>"; };
		6541BE4314CB3CFF00194FB3 /* Cocos2DScrollView-Prefix.pch */ = {isa = PBXFileReference; lastKnownFileType = sourcecode.c.h; path = "Cocos2DScrollView-Prefix.pch"; sourceTree = "<group>"; };
		6541BE4414CB3CFF00194FB3 /* AppDelegate.h */ = {isa = PBXFileReference; lastKnownFileType = sourcecode.c.h; path = AppDelegate.h; sourceTree = "<group>"; };
		6541BE4514CB3CFF00194FB3 /* AppDelegate.m */ = {isa = PBXFileReference; lastKnownFileType = sourcecode.c.objc; path = AppDelegate.m; sourceTree = "<group>"; };
		6541BE4714CB3CFF00194FB3 /* ViewController.h */ = {isa = PBXFileReference; lastKnownFileType = sourcecode.c.h; path = ViewController.h; sourceTree = "<group>"; };
		6541BE4814CB3CFF00194FB3 /* ViewController.m */ = {isa = PBXFileReference; lastKnownFileType = sourcecode.c.objc; path = ViewController.m; sourceTree = "<group>"; };
		6541BE4B14CB3CFF00194FB3 /* en */ = {isa = PBXFileReference; lastKnownFileType = file.xib; name = en; path = en.lproj/ViewController.xib; sourceTree = "<group>"; };
		6541BF9314CB3EFF00194FB3 /* OpenGLES.framework */ = {isa = PBXFileReference; lastKnownFileType = wrapper.framework; name = OpenGLES.framework; path = System/Library/Frameworks/OpenGLES.framework; sourceTree = SDKROOT; };
		6541BF9514CB3F1200194FB3 /* OpenAL.framework */ = {isa = PBXFileReference; lastKnownFileType = wrapper.framework; name = OpenAL.framework; path = System/Library/Frameworks/OpenAL.framework; sourceTree = SDKROOT; };
		6541BF9714CB3F2800194FB3 /* QuartzCore.framework */ = {isa = PBXFileReference; lastKnownFileType = wrapper.framework; name = QuartzCore.framework; path = System/Library/Frameworks/QuartzCore.framework; sourceTree = SDKROOT; };
		6541BF9914CB3F3600194FB3 /* AudioToolbox.framework */ = {isa = PBXFileReference; lastKnownFileType = wrapper.framework; name = AudioToolbox.framework; path = System/Library/Frameworks/AudioToolbox.framework; sourceTree = SDKROOT; };
		6541BF9B14CB3F3D00194FB3 /* AVFoundation.framework */ = {isa = PBXFileReference; lastKnownFileType = wrapper.framework; name = AVFoundation.framework; path = System/Library/Frameworks/AVFoundation.framework; sourceTree = SDKROOT; };
		6541BF9D14CB3FBB00194FB3 /* libz.1.2.5.dylib */ = {isa = PBXFileReference; lastKnownFileType = "compiled.mach-o.dylib"; name = libz.1.2.5.dylib; path = usr/lib/libz.1.2.5.dylib; sourceTree = SDKROOT; };
		6541BF9F14CB684600194FB3 /* CCScrollView.h */ = {isa = PBXFileReference; fileEncoding = 4; lastKnownFileType = sourcecode.c.h; path = CCScrollView.h; sourceTree = "<group>"; };
		6541BFA014CB684600194FB3 /* CCScrollView.m */ = {isa = PBXFileReference; fileEncoding = 4; lastKnownFileType = sourcecode.c.objc; path = CCScrollView.m; sourceTree = "<group>"; };
		6541BFDD14CB696200194FB3 /* HelloWorld.h */ = {isa = PBXFileReference; fileEncoding = 4; lastKnownFileType = sourcecode.c.h; path = HelloWorld.h; sourceTree = "<group>"; };
		6541BFDE14CB696200194FB3 /* HelloWorld.m */ = {isa = PBXFileReference; fileEncoding = 4; lastKnownFileType = sourcecode.c.objc; path = HelloWorld.m; sourceTree = "<group>"; };
		65CFEEAB151ABBB000F781D1 /* cocos2d-ios.xcodeproj */ = {isa = PBXFileReference; lastKnownFileType = "wrapper.pb-project"; name = "cocos2d-ios.xcodeproj"; path = "../../Downloads/cocos2d-iphone-2.0-rc0a/cocos2d-ios.xcodeproj"; sourceTree = "<group>"; };
		65CFEFF4151ABD0100F781D1 /* example_Blur.fsh */ = {isa = PBXFileReference; fileEncoding = 4; lastKnownFileType = sourcecode.glsl; path = example_Blur.fsh; sourceTree = "<group>"; };
		65CFEFF5151ABD0100F781D1 /* example_Flower.fsh */ = {isa = PBXFileReference; fileEncoding = 4; lastKnownFileType = sourcecode.glsl; path = example_Flower.fsh; sourceTree = "<group>"; };
		65CFEFF6151ABD0100F781D1 /* example_Flower.vsh */ = {isa = PBXFileReference; fileEncoding = 4; lastKnownFileType = sourcecode.glsl; path = example_Flower.vsh; sourceTree = "<group>"; };
		65CFEFF7151ABD0100F781D1 /* example_Heart.fsh */ = {isa = PBXFileReference; fileEncoding = 4; lastKnownFileType = sourcecode.glsl; path = example_Heart.fsh; sourceTree = "<group>"; };
		65CFEFF8151ABD0100F781D1 /* example_Heart.vsh */ = {isa = PBXFileReference; fileEncoding = 4; lastKnownFileType = sourcecode.glsl; path = example_Heart.vsh; sourceTree = "<group>"; };
		65CFEFF9151ABD0100F781D1 /* example_HorizontalColor.fsh */ = {isa = PBXFileReference; fileEncoding = 4; lastKnownFileType = sourcecode.glsl; path = example_HorizontalColor.fsh; sourceTree = "<group>"; };
		65CFEFFA151ABD0100F781D1 /* example_Julia.fsh */ = {isa = PBXFileReference; fileEncoding = 4; lastKnownFileType = sourcecode.glsl; path = example_Julia.fsh; sourceTree = "<group>"; };
		65CFEFFB151ABD0100F781D1 /* example_Julia.vsh */ = {isa = PBXFileReference; fileEncoding = 4; lastKnownFileType = sourcecode.glsl; path = example_Julia.vsh; sourceTree = "<group>"; };
		65CFEFFC151ABD0100F781D1 /* example_Mandelbrot.fsh */ = {isa = PBXFileReference; fileEncoding = 4; lastKnownFileType = sourcecode.glsl; path = example_Mandelbrot.fsh; sourceTree = "<group>"; };
		65CFEFFD151ABD0100F781D1 /* example_Mandelbrot.vsh */ = {isa = PBXFileReference; fileEncoding = 4; lastKnownFileType = sourcecode.glsl; path = example_Mandelbrot.vsh; sourceTree = "<group>"; };
		65CFEFFE151ABD0100F781D1 /* example_Monjori.fsh */ = {isa = PBXFileReference; fileEncoding = 4; lastKnownFileType = sourcecode.glsl; path = example_Monjori.fsh; sourceTree = "<group>"; };
		65CFEFFF151ABD0100F781D1 /* example_Monjori.vsh */ = {isa = PBXFileReference; fileEncoding = 4; lastKnownFileType = sourcecode.glsl; path = example_Monjori.vsh; sourceTree = "<group>"; };
		65CFF000151ABD0100F781D1 /* example_Plasma.fsh */ = {isa = PBXFileReference; fileEncoding = 4; lastKnownFileType = sourcecode.glsl; path = example_Plasma.fsh; sourceTree = "<group>"; };
		65CFF001151ABD0100F781D1 /* example_Plasma.vsh */ = {isa = PBXFileReference; fileEncoding = 4; lastKnownFileType = sourcecode.glsl; path = example_Plasma.vsh; sourceTree = "<group>"; };
		65CFF002151ABD0100F781D1 /* example_Twist.fsh */ = {isa = PBXFileReference; fileEncoding = 4; lastKnownFileType = sourcecode.glsl; path = example_Twist.fsh; sourceTree = "<group>"; };
		65CFF003151ABD0100F781D1 /* example_Twist.vsh */ = {isa = PBXFileReference; fileEncoding = 4; lastKnownFileType = sourcecode.glsl; path = example_Twist.vsh; sourceTree = "<group>"; };
/* End PBXFileReference section */

/* Begin PBXFrameworksBuildPhase section */
		6541BE2E14CB3CFF00194FB3 /* Frameworks */ = {
			isa = PBXFrameworksBuildPhase;
			buildActionMask = 2147483647;
			files = (
				65CFF014151ABDE200F781D1 /* libcocos2d.a in Frameworks */,
				6541BF9E14CB3FBB00194FB3 /* libz.1.2.5.dylib in Frameworks */,
				6541BF9C14CB3F3D00194FB3 /* AVFoundation.framework in Frameworks */,
				6541BF9A14CB3F3600194FB3 /* AudioToolbox.framework in Frameworks */,
				6541BF9814CB3F2900194FB3 /* QuartzCore.framework in Frameworks */,
				6541BF9614CB3F1200194FB3 /* OpenAL.framework in Frameworks */,
				6541BF9414CB3EFF00194FB3 /* OpenGLES.framework in Frameworks */,
				6541BE3614CB3CFF00194FB3 /* UIKit.framework in Frameworks */,
				6541BE3814CB3CFF00194FB3 /* Foundation.framework in Frameworks */,
				6541BE3A14CB3CFF00194FB3 /* CoreGraphics.framework in Frameworks */,
			);
			runOnlyForDeploymentPostprocessing = 0;
		};
/* End PBXFrameworksBuildPhase section */

/* Begin PBXGroup section */
		6541BE2614CB3CFF00194FB3 = {
			isa = PBXGroup;
			children = (
				652A1F95151AD3BA000C35A5 /* HUDLayer.h */,
				652A1F96151AD3BA000C35A5 /* HUDLayer.m */,
				6541BE3B14CB3CFF00194FB3 /* Cocos2DScrollView */,
				6541BE3414CB3CFF00194FB3 /* Frameworks */,
				6541BE3214CB3CFF00194FB3 /* Products */,
				65CFEEAB151ABBB000F781D1 /* cocos2d-ios.xcodeproj */,
			);
			sourceTree = "<group>";
		};
		6541BE3214CB3CFF00194FB3 /* Products */ = {
			isa = PBXGroup;
			children = (
				6541BE3114CB3CFF00194FB3 /* Cocos2DScrollView.app */,
			);
			name = Products;
			sourceTree = "<group>";
		};
		6541BE3414CB3CFF00194FB3 /* Frameworks */ = {
			isa = PBXGroup;
			children = (
				6541BF9D14CB3FBB00194FB3 /* libz.1.2.5.dylib */,
				6541BF9B14CB3F3D00194FB3 /* AVFoundation.framework */,
				6541BF9914CB3F3600194FB3 /* AudioToolbox.framework */,
				6541BF9714CB3F2800194FB3 /* QuartzCore.framework */,
				6541BF9514CB3F1200194FB3 /* OpenAL.framework */,
				6541BF9314CB3EFF00194FB3 /* OpenGLES.framework */,
				6541BE3514CB3CFF00194FB3 /* UIKit.framework */,
				6541BE3714CB3CFF00194FB3 /* Foundation.framework */,
				6541BE3914CB3CFF00194FB3 /* CoreGraphics.framework */,
			);
			name = Frameworks;
			sourceTree = "<group>";
		};
		6541BE3B14CB3CFF00194FB3 /* Cocos2DScrollView */ = {
			isa = PBXGroup;
			children = (
				6541BF3714CB3E5D00194FB3 /* Shaders */,
				6541BE4414CB3CFF00194FB3 /* AppDelegate.h */,
				6541BE4514CB3CFF00194FB3 /* AppDelegate.m */,
				6541BE4714CB3CFF00194FB3 /* ViewController.h */,
				6541BE4814CB3CFF00194FB3 /* ViewController.m */,
				6541BE4A14CB3CFF00194FB3 /* ViewController.xib */,
				6541BE3C14CB3CFF00194FB3 /* Supporting Files */,
				6541BF9F14CB684600194FB3 /* CCScrollView.h */,
				6541BFA014CB684600194FB3 /* CCScrollView.m */,
				6541BFDD14CB696200194FB3 /* HelloWorld.h */,
				6541BFDE14CB696200194FB3 /* HelloWorld.m */,
			);
			path = Cocos2DScrollView;
			sourceTree = "<group>";
		};
		6541BE3C14CB3CFF00194FB3 /* Supporting Files */ = {
			isa = PBXGroup;
			children = (
				6541BE3D14CB3CFF00194FB3 /* Cocos2DScrollView-Info.plist */,
				6541BE3E14CB3CFF00194FB3 /* InfoPlist.strings */,
				6541BE4114CB3CFF00194FB3 /* main.m */,
				6541BE4314CB3CFF00194FB3 /* Cocos2DScrollView-Prefix.pch */,
			);
			name = "Supporting Files";
			sourceTree = "<group>";
		};
		6541BF3714CB3E5D00194FB3 /* Shaders */ = {
			isa = PBXGroup;
			children = (
				65CFEFF4151ABD0100F781D1 /* example_Blur.fsh */,
				65CFEFF5151ABD0100F781D1 /* example_Flower.fsh */,
				65CFEFF6151ABD0100F781D1 /* example_Flower.vsh */,
				65CFEFF7151ABD0100F781D1 /* example_Heart.fsh */,
				65CFEFF8151ABD0100F781D1 /* example_Heart.vsh */,
				65CFEFF9151ABD0100F781D1 /* example_HorizontalColor.fsh */,
				65CFEFFA151ABD0100F781D1 /* example_Julia.fsh */,
				65CFEFFB151ABD0100F781D1 /* example_Julia.vsh */,
				65CFEFFC151ABD0100F781D1 /* example_Mandelbrot.fsh */,
				65CFEFFD151ABD0100F781D1 /* example_Mandelbrot.vsh */,
				65CFEFFE151ABD0100F781D1 /* example_Monjori.fsh */,
				65CFEFFF151ABD0100F781D1 /* example_Monjori.vsh */,
				65CFF000151ABD0100F781D1 /* example_Plasma.fsh */,
				65CFF001151ABD0100F781D1 /* example_Plasma.vsh */,
				65CFF002151ABD0100F781D1 /* example_Twist.fsh */,
				65CFF003151ABD0100F781D1 /* example_Twist.vsh */,
			);
			path = Shaders;
			sourceTree = "<group>";
		};
		65CFEEAC151ABBB000F781D1 /* Products */ = {
			isa = PBXGroup;
			children = (
				65CFEF18151ABBB400F781D1 /* libbuild all tests.a */,
				65CFEF1A151ABBB400F781D1 /* libbox2d.a */,
				65CFEF1C151ABBB400F781D1 /* libChipmunk.a */,
				65CFEF1E151ABBB400F781D1 /* libcocos2d.a */,
				65CFEF20151ABBB400F781D1 /* libcocos2d-documentation.a */,
				65CFEF22151ABBB400F781D1 /* libCocosDenshion.a */,
				65CFEF24151ABBB400F781D1 /* libkazmath.a */,
				65CFEF26151ABBB400F781D1 /* liblibpng.a */,
				65CFEF28151ABBB400F781D1 /* ActionManagerTest.app */,
				65CFEF2A151ABBB400F781D1 /* ActionsTest.app */,
				65CFEF2C151ABBB400F781D1 /* ActionsWithBlocksSample.app */,
				65CFEF2E151ABBB400F781D1 /* AttachTest.app */,
				65CFEF30151ABBB400F781D1 /* Box2dAccelTouchTest.app */,
				65CFEF32151ABBB400F781D1 /* Box2dTestBed.app */,
				65CFEF34151ABBB400F781D1 /* ChipmunkAccelTouchTest.app */,
				65CFEF36151ABBB400F781D1 /* ClickAndMoveTest.app */,
				65CFEF38151ABBB400F781D1 /* CocosDenshion - Tom The Turret.app */,
				65CFEF3A151ABBB400F781D1 /* CocosDenshion - Drum Pad.app */,
				65CFEF3C151ABBB400F781D1 /* CocosDenshion - Fade To Grey.app */,
				65CFEF3E151ABBB400F781D1 /* CocosDenshion - FancyRat Metering Demo.app */,
				65CFEF40151ABBB400F781D1 /* DirectorTest.app */,
				65CFEF42151ABBB400F781D1 /* drawPrimitivesTest.app */,
				65CFEF44151ABBB400F781D1 /* EAGLViewTest.app */,
				65CFEF46151ABBB400F781D1 /* ActionsEaseTest.app */,
				65CFEF48151ABBB400F781D1 /* EffectsTest.app */,
				65CFEF4A151ABBB400F781D1 /* EffectsAdvancedTest.app */,
				65CFEF4C151ABBB400F781D1 /* FontTest.app */,
				65CFEF4E151ABBB400F781D1 /* IntervalTest.app */,
				65CFEF50151ABBB400F781D1 /* LabelTest.app */,
				65CFEF52151ABBB400F781D1 /* LayerTest.app */,
				65CFEF54151ABBB400F781D1 /* MenuTest.app */,
				65CFEF56151ABBB400F781D1 /* MotionStreakTest.app */,
				65CFEF58151ABBB400F781D1 /* cocosnodeTest.app */,
				65CFEF5A151ABBB400F781D1 /* ParallaxTest.app */,
				65CFEF5C151ABBB400F781D1 /* ParticleTest.app */,
				65CFEF5E151ABBB400F781D1 /* ActionsProgressTest.app */,
				65CFEF60151ABBB400F781D1 /* RenderTextureTest.app */,
				65CFEF62151ABBB400F781D1 /* RotateWorldTest.app */,
				65CFEF64151ABBB400F781D1 /* SceneTest.app */,
				65CFEF66151ABBB400F781D1 /* SchedulerTest.app */,
				65CFEF68151ABBB400F781D1 /* ShaderTest.app */,
				65CFEF6A151ABBB400F781D1 /* SpriteTest.app */,
				65CFEF6C151ABBB400F781D1 /* Texture2dTest.app */,
				65CFEF6E151ABBB400F781D1 /* TileMapTest.app */,
				65CFEF70151ABBB400F781D1 /* TouchesTest.app */,
				65CFEF72151ABBB400F781D1 /* TransitionsTest.app */,
				65CFEF74151ABBB400F781D1 /* ZwoptexTest.app */,
				65CFEF76151ABBB400F781D1 /* Bug350.app */,
				65CFEF78151ABBB400F781D1 /* Bug422.app */,
				65CFEF7A151ABBB400F781D1 /* Bug458.app */,
				65CFEF7C151ABBB400F781D1 /* Bug624.app */,
				65CFEF7E151ABBB400F781D1 /* Bug886.app */,
				65CFEF80151ABBB400F781D1 /* Bug899.app */,
				65CFEF82151ABBB400F781D1 /* Bug914.app */,
				65CFEF84151ABBB400F781D1 /* Bug1159.app */,
			);
			name = Products;
			sourceTree = "<group>";
		};
/* End PBXGroup section */

/* Begin PBXNativeTarget section */
		6541BE3014CB3CFF00194FB3 /* Cocos2DScrollView */ = {
			isa = PBXNativeTarget;
			buildConfigurationList = 6541BE4F14CB3CFF00194FB3 /* Build configuration list for PBXNativeTarget "Cocos2DScrollView" */;
			buildPhases = (
				6541BE2D14CB3CFF00194FB3 /* Sources */,
				6541BE2E14CB3CFF00194FB3 /* Frameworks */,
				6541BE2F14CB3CFF00194FB3 /* Resources */,
			);
			buildRules = (
			);
			dependencies = (
			);
			name = Cocos2DScrollView;
			productName = Cocos2DScrollView;
			productReference = 6541BE3114CB3CFF00194FB3 /* Cocos2DScrollView.app */;
			productType = "com.apple.product-type.application";
		};
/* End PBXNativeTarget section */

/* Begin PBXProject section */
		6541BE2814CB3CFF00194FB3 /* Project object */ = {
			isa = PBXProject;
			attributes = {
				LastUpgradeCheck = 0420;
			};
			buildConfigurationList = 6541BE2B14CB3CFF00194FB3 /* Build configuration list for PBXProject "Cocos2DScrollView" */;
			compatibilityVersion = "Xcode 3.2";
			developmentRegion = English;
			hasScannedForEncodings = 0;
			knownRegions = (
				en,
			);
			mainGroup = 6541BE2614CB3CFF00194FB3;
			productRefGroup = 6541BE3214CB3CFF00194FB3 /* Products */;
			projectDirPath = "";
			projectReferences = (
				{
					ProductGroup = 65CFEEAC151ABBB000F781D1 /* Products */;
					ProjectRef = 65CFEEAB151ABBB000F781D1 /* cocos2d-ios.xcodeproj */;
				},
			);
			projectRoot = "";
			targets = (
				6541BE3014CB3CFF00194FB3 /* Cocos2DScrollView */,
			);
		};
/* End PBXProject section */

/* Begin PBXReferenceProxy section */
		65CFEF18151ABBB400F781D1 /* libbuild all tests.a */ = {
			isa = PBXReferenceProxy;
			fileType = archive.ar;
			path = "libbuild all tests.a";
			remoteRef = 65CFEF17151ABBB400F781D1 /* PBXContainerItemProxy */;
			sourceTree = BUILT_PRODUCTS_DIR;
		};
		65CFEF1A151ABBB400F781D1 /* libbox2d.a */ = {
			isa = PBXReferenceProxy;
			fileType = archive.ar;
			path = libbox2d.a;
			remoteRef = 65CFEF19151ABBB400F781D1 /* PBXContainerItemProxy */;
			sourceTree = BUILT_PRODUCTS_DIR;
		};
		65CFEF1C151ABBB400F781D1 /* libChipmunk.a */ = {
			isa = PBXReferenceProxy;
			fileType = archive.ar;
			path = libChipmunk.a;
			remoteRef = 65CFEF1B151ABBB400F781D1 /* PBXContainerItemProxy */;
			sourceTree = BUILT_PRODUCTS_DIR;
		};
		65CFEF1E151ABBB400F781D1 /* libcocos2d.a */ = {
			isa = PBXReferenceProxy;
			fileType = archive.ar;
			path = libcocos2d.a;
			remoteRef = 65CFEF1D151ABBB400F781D1 /* PBXContainerItemProxy */;
			sourceTree = BUILT_PRODUCTS_DIR;
		};
		65CFEF20151ABBB400F781D1 /* libcocos2d-documentation.a */ = {
			isa = PBXReferenceProxy;
			fileType = archive.ar;
			path = "libcocos2d-documentation.a";
			remoteRef = 65CFEF1F151ABBB400F781D1 /* PBXContainerItemProxy */;
			sourceTree = BUILT_PRODUCTS_DIR;
		};
		65CFEF22151ABBB400F781D1 /* libCocosDenshion.a */ = {
			isa = PBXReferenceProxy;
			fileType = archive.ar;
			path = libCocosDenshion.a;
			remoteRef = 65CFEF21151ABBB400F781D1 /* PBXContainerItemProxy */;
			sourceTree = BUILT_PRODUCTS_DIR;
		};
		65CFEF24151ABBB400F781D1 /* libkazmath.a */ = {
			isa = PBXReferenceProxy;
			fileType = archive.ar;
			path = libkazmath.a;
			remoteRef = 65CFEF23151ABBB400F781D1 /* PBXContainerItemProxy */;
			sourceTree = BUILT_PRODUCTS_DIR;
		};
		65CFEF26151ABBB400F781D1 /* liblibpng.a */ = {
			isa = PBXReferenceProxy;
			fileType = archive.ar;
			path = liblibpng.a;
			remoteRef = 65CFEF25151ABBB400F781D1 /* PBXContainerItemProxy */;
			sourceTree = BUILT_PRODUCTS_DIR;
		};
		65CFEF28151ABBB400F781D1 /* ActionManagerTest.app */ = {
			isa = PBXReferenceProxy;
			fileType = wrapper.application;
			path = ActionManagerTest.app;
			remoteRef = 65CFEF27151ABBB400F781D1 /* PBXContainerItemProxy */;
			sourceTree = BUILT_PRODUCTS_DIR;
		};
		65CFEF2A151ABBB400F781D1 /* ActionsTest.app */ = {
			isa = PBXReferenceProxy;
			fileType = wrapper.application;
			path = ActionsTest.app;
			remoteRef = 65CFEF29151ABBB400F781D1 /* PBXContainerItemProxy */;
			sourceTree = BUILT_PRODUCTS_DIR;
		};
		65CFEF2C151ABBB400F781D1 /* ActionsWithBlocksSample.app */ = {
			isa = PBXReferenceProxy;
			fileType = wrapper.application;
			path = ActionsWithBlocksSample.app;
			remoteRef = 65CFEF2B151ABBB400F781D1 /* PBXContainerItemProxy */;
			sourceTree = BUILT_PRODUCTS_DIR;
		};
		65CFEF2E151ABBB400F781D1 /* AttachTest.app */ = {
			isa = PBXReferenceProxy;
			fileType = wrapper.application;
			path = AttachTest.app;
			remoteRef = 65CFEF2D151ABBB400F781D1 /* PBXContainerItemProxy */;
			sourceTree = BUILT_PRODUCTS_DIR;
		};
		65CFEF30151ABBB400F781D1 /* Box2dAccelTouchTest.app */ = {
			isa = PBXReferenceProxy;
			fileType = wrapper.application;
			path = Box2dAccelTouchTest.app;
			remoteRef = 65CFEF2F151ABBB400F781D1 /* PBXContainerItemProxy */;
			sourceTree = BUILT_PRODUCTS_DIR;
		};
		65CFEF32151ABBB400F781D1 /* Box2dTestBed.app */ = {
			isa = PBXReferenceProxy;
			fileType = wrapper.application;
			path = Box2dTestBed.app;
			remoteRef = 65CFEF31151ABBB400F781D1 /* PBXContainerItemProxy */;
			sourceTree = BUILT_PRODUCTS_DIR;
		};
		65CFEF34151ABBB400F781D1 /* ChipmunkAccelTouchTest.app */ = {
			isa = PBXReferenceProxy;
			fileType = wrapper.application;
			path = ChipmunkAccelTouchTest.app;
			remoteRef = 65CFEF33151ABBB400F781D1 /* PBXContainerItemProxy */;
			sourceTree = BUILT_PRODUCTS_DIR;
		};
		65CFEF36151ABBB400F781D1 /* ClickAndMoveTest.app */ = {
			isa = PBXReferenceProxy;
			fileType = wrapper.application;
			path = ClickAndMoveTest.app;
			remoteRef = 65CFEF35151ABBB400F781D1 /* PBXContainerItemProxy */;
			sourceTree = BUILT_PRODUCTS_DIR;
		};
		65CFEF38151ABBB400F781D1 /* CocosDenshion - Tom The Turret.app */ = {
			isa = PBXReferenceProxy;
			fileType = wrapper.application;
			path = "CocosDenshion - Tom The Turret.app";
			remoteRef = 65CFEF37151ABBB400F781D1 /* PBXContainerItemProxy */;
			sourceTree = BUILT_PRODUCTS_DIR;
		};
		65CFEF3A151ABBB400F781D1 /* CocosDenshion - Drum Pad.app */ = {
			isa = PBXReferenceProxy;
			fileType = wrapper.application;
			path = "CocosDenshion - Drum Pad.app";
			remoteRef = 65CFEF39151ABBB400F781D1 /* PBXContainerItemProxy */;
			sourceTree = BUILT_PRODUCTS_DIR;
		};
		65CFEF3C151ABBB400F781D1 /* CocosDenshion - Fade To Grey.app */ = {
			isa = PBXReferenceProxy;
			fileType = wrapper.application;
			path = "CocosDenshion - Fade To Grey.app";
			remoteRef = 65CFEF3B151ABBB400F781D1 /* PBXContainerItemProxy */;
			sourceTree = BUILT_PRODUCTS_DIR;
		};
		65CFEF3E151ABBB400F781D1 /* CocosDenshion - FancyRat Metering Demo.app */ = {
			isa = PBXReferenceProxy;
			fileType = wrapper.application;
			path = "CocosDenshion - FancyRat Metering Demo.app";
			remoteRef = 65CFEF3D151ABBB400F781D1 /* PBXContainerItemProxy */;
			sourceTree = BUILT_PRODUCTS_DIR;
		};
		65CFEF40151ABBB400F781D1 /* DirectorTest.app */ = {
			isa = PBXReferenceProxy;
			fileType = wrapper.application;
			path = DirectorTest.app;
			remoteRef = 65CFEF3F151ABBB400F781D1 /* PBXContainerItemProxy */;
			sourceTree = BUILT_PRODUCTS_DIR;
		};
		65CFEF42151ABBB400F781D1 /* drawPrimitivesTest.app */ = {
			isa = PBXReferenceProxy;
			fileType = wrapper.application;
			path = drawPrimitivesTest.app;
			remoteRef = 65CFEF41151ABBB400F781D1 /* PBXContainerItemProxy */;
			sourceTree = BUILT_PRODUCTS_DIR;
		};
		65CFEF44151ABBB400F781D1 /* EAGLViewTest.app */ = {
			isa = PBXReferenceProxy;
			fileType = wrapper.application;
			path = EAGLViewTest.app;
			remoteRef = 65CFEF43151ABBB400F781D1 /* PBXContainerItemProxy */;
			sourceTree = BUILT_PRODUCTS_DIR;
		};
		65CFEF46151ABBB400F781D1 /* ActionsEaseTest.app */ = {
			isa = PBXReferenceProxy;
			fileType = wrapper.application;
			path = ActionsEaseTest.app;
			remoteRef = 65CFEF45151ABBB400F781D1 /* PBXContainerItemProxy */;
			sourceTree = BUILT_PRODUCTS_DIR;
		};
		65CFEF48151ABBB400F781D1 /* EffectsTest.app */ = {
			isa = PBXReferenceProxy;
			fileType = wrapper.application;
			path = EffectsTest.app;
			remoteRef = 65CFEF47151ABBB400F781D1 /* PBXContainerItemProxy */;
			sourceTree = BUILT_PRODUCTS_DIR;
		};
		65CFEF4A151ABBB400F781D1 /* EffectsAdvancedTest.app */ = {
			isa = PBXReferenceProxy;
			fileType = wrapper.application;
			path = EffectsAdvancedTest.app;
			remoteRef = 65CFEF49151ABBB400F781D1 /* PBXContainerItemProxy */;
			sourceTree = BUILT_PRODUCTS_DIR;
		};
		65CFEF4C151ABBB400F781D1 /* FontTest.app */ = {
			isa = PBXReferenceProxy;
			fileType = wrapper.application;
			path = FontTest.app;
			remoteRef = 65CFEF4B151ABBB400F781D1 /* PBXContainerItemProxy */;
			sourceTree = BUILT_PRODUCTS_DIR;
		};
		65CFEF4E151ABBB400F781D1 /* IntervalTest.app */ = {
			isa = PBXReferenceProxy;
			fileType = wrapper.application;
			path = IntervalTest.app;
			remoteRef = 65CFEF4D151ABBB400F781D1 /* PBXContainerItemProxy */;
			sourceTree = BUILT_PRODUCTS_DIR;
		};
		65CFEF50151ABBB400F781D1 /* LabelTest.app */ = {
			isa = PBXReferenceProxy;
			fileType = wrapper.application;
			path = LabelTest.app;
			remoteRef = 65CFEF4F151ABBB400F781D1 /* PBXContainerItemProxy */;
			sourceTree = BUILT_PRODUCTS_DIR;
		};
		65CFEF52151ABBB400F781D1 /* LayerTest.app */ = {
			isa = PBXReferenceProxy;
			fileType = wrapper.application;
			path = LayerTest.app;
			remoteRef = 65CFEF51151ABBB400F781D1 /* PBXContainerItemProxy */;
			sourceTree = BUILT_PRODUCTS_DIR;
		};
		65CFEF54151ABBB400F781D1 /* MenuTest.app */ = {
			isa = PBXReferenceProxy;
			fileType = wrapper.application;
			path = MenuTest.app;
			remoteRef = 65CFEF53151ABBB400F781D1 /* PBXContainerItemProxy */;
			sourceTree = BUILT_PRODUCTS_DIR;
		};
		65CFEF56151ABBB400F781D1 /* MotionStreakTest.app */ = {
			isa = PBXReferenceProxy;
			fileType = wrapper.application;
			path = MotionStreakTest.app;
			remoteRef = 65CFEF55151ABBB400F781D1 /* PBXContainerItemProxy */;
			sourceTree = BUILT_PRODUCTS_DIR;
		};
		65CFEF58151ABBB400F781D1 /* cocosnodeTest.app */ = {
			isa = PBXReferenceProxy;
			fileType = wrapper.application;
			path = cocosnodeTest.app;
			remoteRef = 65CFEF57151ABBB400F781D1 /* PBXContainerItemProxy */;
			sourceTree = BUILT_PRODUCTS_DIR;
		};
		65CFEF5A151ABBB400F781D1 /* ParallaxTest.app */ = {
			isa = PBXReferenceProxy;
			fileType = wrapper.application;
			path = ParallaxTest.app;
			remoteRef = 65CFEF59151ABBB400F781D1 /* PBXContainerItemProxy */;
			sourceTree = BUILT_PRODUCTS_DIR;
		};
		65CFEF5C151ABBB400F781D1 /* ParticleTest.app */ = {
			isa = PBXReferenceProxy;
			fileType = wrapper.application;
			path = ParticleTest.app;
			remoteRef = 65CFEF5B151ABBB400F781D1 /* PBXContainerItemProxy */;
			sourceTree = BUILT_PRODUCTS_DIR;
		};
		65CFEF5E151ABBB400F781D1 /* ActionsProgressTest.app */ = {
			isa = PBXReferenceProxy;
			fileType = wrapper.application;
			path = ActionsProgressTest.app;
			remoteRef = 65CFEF5D151ABBB400F781D1 /* PBXContainerItemProxy */;
			sourceTree = BUILT_PRODUCTS_DIR;
		};
		65CFEF60151ABBB400F781D1 /* RenderTextureTest.app */ = {
			isa = PBXReferenceProxy;
			fileType = wrapper.application;
			path = RenderTextureTest.app;
			remoteRef = 65CFEF5F151ABBB400F781D1 /* PBXContainerItemProxy */;
			sourceTree = BUILT_PRODUCTS_DIR;
		};
		65CFEF62151ABBB400F781D1 /* RotateWorldTest.app */ = {
			isa = PBXReferenceProxy;
			fileType = wrapper.application;
			path = RotateWorldTest.app;
			remoteRef = 65CFEF61151ABBB400F781D1 /* PBXContainerItemProxy */;
			sourceTree = BUILT_PRODUCTS_DIR;
		};
		65CFEF64151ABBB400F781D1 /* SceneTest.app */ = {
			isa = PBXReferenceProxy;
			fileType = wrapper.application;
			path = SceneTest.app;
			remoteRef = 65CFEF63151ABBB400F781D1 /* PBXContainerItemProxy */;
			sourceTree = BUILT_PRODUCTS_DIR;
		};
		65CFEF66151ABBB400F781D1 /* SchedulerTest.app */ = {
			isa = PBXReferenceProxy;
			fileType = wrapper.application;
			path = SchedulerTest.app;
			remoteRef = 65CFEF65151ABBB400F781D1 /* PBXContainerItemProxy */;
			sourceTree = BUILT_PRODUCTS_DIR;
		};
		65CFEF68151ABBB400F781D1 /* ShaderTest.app */ = {
			isa = PBXReferenceProxy;
			fileType = wrapper.application;
			path = ShaderTest.app;
			remoteRef = 65CFEF67151ABBB400F781D1 /* PBXContainerItemProxy */;
			sourceTree = BUILT_PRODUCTS_DIR;
		};
		65CFEF6A151ABBB400F781D1 /* SpriteTest.app */ = {
			isa = PBXReferenceProxy;
			fileType = wrapper.application;
			path = SpriteTest.app;
			remoteRef = 65CFEF69151ABBB400F781D1 /* PBXContainerItemProxy */;
			sourceTree = BUILT_PRODUCTS_DIR;
		};
		65CFEF6C151ABBB400F781D1 /* Texture2dTest.app */ = {
			isa = PBXReferenceProxy;
			fileType = wrapper.application;
			path = Texture2dTest.app;
			remoteRef = 65CFEF6B151ABBB400F781D1 /* PBXContainerItemProxy */;
			sourceTree = BUILT_PRODUCTS_DIR;
		};
		65CFEF6E151ABBB400F781D1 /* TileMapTest.app */ = {
			isa = PBXReferenceProxy;
			fileType = wrapper.application;
			path = TileMapTest.app;
			remoteRef = 65CFEF6D151ABBB400F781D1 /* PBXContainerItemProxy */;
			sourceTree = BUILT_PRODUCTS_DIR;
		};
		65CFEF70151ABBB400F781D1 /* TouchesTest.app */ = {
			isa = PBXReferenceProxy;
			fileType = wrapper.application;
			path = TouchesTest.app;
			remoteRef = 65CFEF6F151ABBB400F781D1 /* PBXContainerItemProxy */;
			sourceTree = BUILT_PRODUCTS_DIR;
		};
		65CFEF72151ABBB400F781D1 /* TransitionsTest.app */ = {
			isa = PBXReferenceProxy;
			fileType = wrapper.application;
			path = TransitionsTest.app;
			remoteRef = 65CFEF71151ABBB400F781D1 /* PBXContainerItemProxy */;
			sourceTree = BUILT_PRODUCTS_DIR;
		};
		65CFEF74151ABBB400F781D1 /* ZwoptexTest.app */ = {
			isa = PBXReferenceProxy;
			fileType = wrapper.application;
			path = ZwoptexTest.app;
			remoteRef = 65CFEF73151ABBB400F781D1 /* PBXContainerItemProxy */;
			sourceTree = BUILT_PRODUCTS_DIR;
		};
		65CFEF76151ABBB400F781D1 /* Bug350.app */ = {
			isa = PBXReferenceProxy;
			fileType = wrapper.application;
			path = Bug350.app;
			remoteRef = 65CFEF75151ABBB400F781D1 /* PBXContainerItemProxy */;
			sourceTree = BUILT_PRODUCTS_DIR;
		};
		65CFEF78151ABBB400F781D1 /* Bug422.app */ = {
			isa = PBXReferenceProxy;
			fileType = wrapper.application;
			path = Bug422.app;
			remoteRef = 65CFEF77151ABBB400F781D1 /* PBXContainerItemProxy */;
			sourceTree = BUILT_PRODUCTS_DIR;
		};
		65CFEF7A151ABBB400F781D1 /* Bug458.app */ = {
			isa = PBXReferenceProxy;
			fileType = wrapper.application;
			path = Bug458.app;
			remoteRef = 65CFEF79151ABBB400F781D1 /* PBXContainerItemProxy */;
			sourceTree = BUILT_PRODUCTS_DIR;
		};
		65CFEF7C151ABBB400F781D1 /* Bug624.app */ = {
			isa = PBXReferenceProxy;
			fileType = wrapper.application;
			path = Bug624.app;
			remoteRef = 65CFEF7B151ABBB400F781D1 /* PBXContainerItemProxy */;
			sourceTree = BUILT_PRODUCTS_DIR;
		};
		65CFEF7E151ABBB400F781D1 /* Bug886.app */ = {
			isa = PBXReferenceProxy;
			fileType = wrapper.application;
			path = Bug886.app;
			remoteRef = 65CFEF7D151ABBB400F781D1 /* PBXContainerItemProxy */;
			sourceTree = BUILT_PRODUCTS_DIR;
		};
		65CFEF80151ABBB400F781D1 /* Bug899.app */ = {
			isa = PBXReferenceProxy;
			fileType = wrapper.application;
			path = Bug899.app;
			remoteRef = 65CFEF7F151ABBB400F781D1 /* PBXContainerItemProxy */;
			sourceTree = BUILT_PRODUCTS_DIR;
		};
		65CFEF82151ABBB400F781D1 /* Bug914.app */ = {
			isa = PBXReferenceProxy;
			fileType = wrapper.application;
			path = Bug914.app;
			remoteRef = 65CFEF81151ABBB400F781D1 /* PBXContainerItemProxy */;
			sourceTree = BUILT_PRODUCTS_DIR;
		};
		65CFEF84151ABBB400F781D1 /* Bug1159.app */ = {
			isa = PBXReferenceProxy;
			fileType = wrapper.application;
			path = Bug1159.app;
			remoteRef = 65CFEF83151ABBB400F781D1 /* PBXContainerItemProxy */;
			sourceTree = BUILT_PRODUCTS_DIR;
		};
/* End PBXReferenceProxy section */

/* Begin PBXResourcesBuildPhase section */
		6541BE2F14CB3CFF00194FB3 /* Resources */ = {
			isa = PBXResourcesBuildPhase;
			buildActionMask = 2147483647;
			files = (
				6541BE4014CB3CFF00194FB3 /* InfoPlist.strings in Resources */,
				6541BE4C14CB3CFF00194FB3 /* ViewController.xib in Resources */,
			);
			runOnlyForDeploymentPostprocessing = 0;
		};
/* End PBXResourcesBuildPhase section */

/* Begin PBXSourcesBuildPhase section */
		6541BE2D14CB3CFF00194FB3 /* Sources */ = {
			isa = PBXSourcesBuildPhase;
			buildActionMask = 2147483647;
			files = (
				6541BE4214CB3CFF00194FB3 /* main.m in Sources */,
				6541BE4614CB3CFF00194FB3 /* AppDelegate.m in Sources */,
				6541BE4914CB3CFF00194FB3 /* ViewController.m in Sources */,
				6541BFA114CB684600194FB3 /* CCScrollView.m in Sources */,
				6541BFDF14CB696200194FB3 /* HelloWorld.m in Sources */,
				652A1F97151AD3BA000C35A5 /* HUDLayer.m in Sources */,
			);
			runOnlyForDeploymentPostprocessing = 0;
		};
/* End PBXSourcesBuildPhase section */

/* Begin PBXVariantGroup section */
		6541BE3E14CB3CFF00194FB3 /* InfoPlist.strings */ = {
			isa = PBXVariantGroup;
			children = (
				6541BE3F14CB3CFF00194FB3 /* en */,
			);
			name = InfoPlist.strings;
			sourceTree = "<group>";
		};
		6541BE4A14CB3CFF00194FB3 /* ViewController.xib */ = {
			isa = PBXVariantGroup;
			children = (
				6541BE4B14CB3CFF00194FB3 /* en */,
			);
			name = ViewController.xib;
			sourceTree = "<group>";
		};
/* End PBXVariantGroup section */

/* Begin XCBuildConfiguration section */
		6541BE4D14CB3CFF00194FB3 /* Debug */ = {
			isa = XCBuildConfiguration;
			buildSettings = {
				ALWAYS_SEARCH_USER_PATHS = NO;
				ARCHS = "$(ARCHS_STANDARD_32_BIT)";
				CLANG_ENABLE_OBJC_ARC = YES;
				"CODE_SIGN_IDENTITY[sdk=iphoneos*]" = "iPhone Developer";
				COPY_PHASE_STRIP = NO;
				GCC_C_LANGUAGE_STANDARD = gnu99;
				GCC_DYNAMIC_NO_PIC = NO;
				GCC_OPTIMIZATION_LEVEL = 0;
				GCC_PREPROCESSOR_DEFINITIONS = (
					"DEBUG=1",
					"$(inherited)",
				);
				GCC_SYMBOLS_PRIVATE_EXTERN = NO;
				GCC_VERSION = com.apple.compilers.llvm.clang.1_0;
				GCC_WARN_ABOUT_MISSING_PROTOTYPES = YES;
				GCC_WARN_ABOUT_RETURN_TYPE = YES;
				GCC_WARN_UNUSED_VARIABLE = YES;
				IPHONEOS_DEPLOYMENT_TARGET = 5.0;
				SDKROOT = iphoneos;
			};
			name = Debug;
		};
		6541BE4E14CB3CFF00194FB3 /* Release */ = {
			isa = XCBuildConfiguration;
			buildSettings = {
				ALWAYS_SEARCH_USER_PATHS = NO;
				ARCHS = "$(ARCHS_STANDARD_32_BIT)";
				CLANG_ENABLE_OBJC_ARC = YES;
				"CODE_SIGN_IDENTITY[sdk=iphoneos*]" = "iPhone Developer";
				COPY_PHASE_STRIP = YES;
				GCC_C_LANGUAGE_STANDARD = gnu99;
				GCC_VERSION = com.apple.compilers.llvm.clang.1_0;
				GCC_WARN_ABOUT_MISSING_PROTOTYPES = YES;
				GCC_WARN_ABOUT_RETURN_TYPE = YES;
				GCC_WARN_UNUSED_VARIABLE = YES;
				IPHONEOS_DEPLOYMENT_TARGET = 5.0;
				OTHER_CFLAGS = "-DNS_BLOCK_ASSERTIONS=1";
				SDKROOT = iphoneos;
				VALIDATE_PRODUCT = YES;
			};
			name = Release;
		};
		6541BE5014CB3CFF00194FB3 /* Debug */ = {
			isa = XCBuildConfiguration;
			buildSettings = {
				ALWAYS_SEARCH_USER_PATHS = YES;
				GCC_PRECOMPILE_PREFIX_HEADER = YES;
				GCC_PREFIX_HEADER = "Cocos2DScrollView/Cocos2DScrollView-Prefix.pch";
				INFOPLIST_FILE = "Cocos2DScrollView/Cocos2DScrollView-Info.plist";
				PRODUCT_NAME = "$(TARGET_NAME)";
				USER_HEADER_SEARCH_PATHS = "~/Downloads/cocos2d-iphone-2.0-rc0a/**";
				WRAPPER_EXTENSION = app;
			};
			name = Debug;
		};
		6541BE5114CB3CFF00194FB3 /* Release */ = {
			isa = XCBuildConfiguration;
			buildSettings = {
				ALWAYS_SEARCH_USER_PATHS = YES;
				GCC_PRECOMPILE_PREFIX_HEADER = YES;
				GCC_PREFIX_HEADER = "Cocos2DScrollView/Cocos2DScrollView-Prefix.pch";
				INFOPLIST_FILE = "Cocos2DScrollView/Cocos2DScrollView-Info.plist";
				PRODUCT_NAME = "$(TARGET_NAME)";
				USER_HEADER_SEARCH_PATHS = "~/Downloads/cocos2d-iphone-2.0-rc0a/**";
				WRAPPER_EXTENSION = app;
			};
			name = Release;
		};
/* End XCBuildConfiguration section */

/* Begin XCConfigurationList section */
		6541BE2B14CB3CFF00194FB3 /* Build configuration list for PBXProject "Cocos2DScrollView" */ = {
			isa = XCConfigurationList;
			buildConfigurations = (
				6541BE4D14CB3CFF00194FB3 /* Debug */,
				6541BE4E14CB3CFF00194FB3 /* Release */,
			);
			defaultConfigurationIsVisible = 0;
			defaultConfigurationName = Release;
		};
		6541BE4F14CB3CFF00194FB3 /* Build configuration list for PBXNativeTarget "Cocos2DScrollView" */ = {
			isa = XCConfigurationList;
			buildConfigurations = (
				6541BE5014CB3CFF00194FB3 /* Debug */,
				6541BE5114CB3CFF00194FB3 /* Release */,
			);
			defaultConfigurationIsVisible = 0;
			defaultConfigurationName = Release;
		};
/* End XCConfigurationList section */
	};
	rootObject = 6541BE2814CB3CFF00194FB3 /* Project object */;
}
